
Microsoft Visual Studio Solution File, Format Version 12.00
# Visual Studio 15
VisualStudioVersion = 15.0.28307.705
MinimumVisualStudioVersion = 10.0.40219.1
Project("{9A19103F-16F7-4668-BE54-9A1E7A4F7556}") = "NetBenchmark", "NetBenchmark\NetBenchmark.csproj", "{B3B0D47D-0B5D-4BAC-B9DB-1D416960423F}"
EndProject
Project("{9A19103F-16F7-4668-BE54-9A1E7A4F7556}") = "NetBenchmark.ConsoleTest", "NetBenchmark.ConsoleTest\NetBenchmark.ConsoleTest.csproj", "{22615F90-D3FE-4FEB-B8F7-3009FF5825E4}"
EndProject
Global
	GlobalSection(SolutionConfigurationPlatforms) = preSolution
		Debug|Any CPU = Debug|Any CPU
		Release|Any CPU = Release|Any CPU
	EndGlobalSection
	GlobalSection(ProjectConfigurationPlatforms) = postSolution
		{B3B0D47D-0B5D-4BAC-B9DB-1D416960423F}.Debug|Any CPU.ActiveCfg = Debug|Any CPU
		{B3B0D47D-0B5D-4BAC-B9DB-1D416960423F}.Debug|Any CPU.Build.0 = Debug|Any CPU
		{B3B0D47D-0B5D-4BAC-B9DB-1D416960423F}.Release|Any CPU.ActiveCfg = Release|Any CPU
		{B3B0D47D-0B5D-4BAC-B9DB-1D416960423F}.Release|Any CPU.Build.0 = Release|Any CPU
		{22615F90-D3FE-4FEB-B8F7-3009FF5825E4}.Debug|Any CPU.ActiveCfg = Debug|Any CPU
		{22615F90-D3FE-4FEB-B8F7-3009FF5825E4}.Debug|Any CPU.Build.0 = Debug|Any CPU
		{22615F90-D3FE-4FEB-B8F7-3009FF5825E4}.Release|Any CPU.ActiveCfg = Release|Any CPU
		{22615F90-D3FE-4FEB-B8F7-3009FF5825E4}.Release|Any CPU.Build.0 = Release|Any CPU
	EndGlobalSection
	GlobalSection(SolutionProperties) = preSolution
		HideSolutionNode = FALSE
	EndGlobalSection
	GlobalSection(ExtensibilityGlobals) = postSolution
		SolutionGuid = {DF394E4E-231F-4208-BB02-E9214B048DA9}
	EndGlobalSection
EndGlobal
